# This file is automatically @generated by Poetry 1.8.2 and should not be changed by hand.

[[package]]
name = "bme680"
version = "1.1.1"
description = "Python library for the BME680 temperature, humidity and gas sensor"
optional = false
python-versions = ">=2.7"
files = [
    {file = "bme680-1.1.1-py2-none-any.whl", hash = "sha256:60cfee6c5e871d1f1003b90606c79092cb26a2402830fdf347851c8e39948f70"},
    {file = "bme680-1.1.1-py3-none-any.whl", hash = "sha256:314023ef62b96aa93039a0aedb5fc2015f772cd25fc4333bec9f6b9304e9fbdf"},
    {file = "bme680-1.1.1.tar.gz", hash = "sha256:287f9329d6befb88e091186502df87949ed796d5615419aa0ce92920752c852f"},
]

[package.dependencies]
smbus = "*"

[[package]]
name = "paho-mqtt"
version = "2.1.0"
description = "MQTT version 5.0/3.1.1 client class"
optional = false
python-versions = ">=3.7"
files = [
    {file = "paho_mqtt-2.1.0-py3-none-any.whl", hash = "sha256:6db9ba9b34ed5bc6b6e3812718c7e06e2fd7444540df2455d2c51bd58808feee"},
    {file = "paho_mqtt-2.1.0.tar.gz", hash = "sha256:12d6e7511d4137555a3f6ea167ae846af2c7357b10bc6fa4f7c3968fc1723834"},
]

[package.extras]
proxy = ["pysocks"]

[[package]]
name = "sensirion-i2c-driver"
version = "1.0.0"
description = "Base Driver for Communicating With I2C Devices"
optional = false
python-versions = ">=2.7, !=3.0.*, !=3.1.*, !=3.2.*, !=3.3.*, !=3.4.*, <4"
files = [
    {file = "sensirion-i2c-driver-1.0.0.tar.gz", hash = "sha256:c066abaddf0b9f0dea9d9e8699e7864147ef2df9279ee70e14bed7fbc0a4d699"},
    {file = "sensirion_i2c_driver-1.0.0-py2-none-any.whl", hash = "sha256:ade0c0315a5901ae4b08c0ea92bbbc026be2a828c6351ce1e7c34788cd2f9b8b"},
    {file = "sensirion_i2c_driver-1.0.0-py3-none-any.whl", hash = "sha256:2b71b033904454e9e7e9883215b26ced14fe3ddeba17b1f5f51f1b461ec23d9b"},
]

[package.extras]
test = ["flake8 (>=3.6.0,<3.7.0)", "mock (>=3.0.0,<3.1.0)", "pytest (>=3.10.0,<3.11.0)", "pytest-cov (>=2.6.0,<2.7.0)"]

[[package]]
name = "sensirion-i2c-scd"
version = "0.1.2"
description = "I2C driver for the Sensirion CO2 Sensor SCD4x"
optional = false
python-versions = ">=2.7, !=3.0.*, !=3.1.*, !=3.2.*, !=3.3.*, !=3.4.*, <4"
files = [
    {file = "sensirion-i2c-scd-0.1.2.tar.gz", hash = "sha256:a585dea26a44311c5a963c84e45cb27eec1734147b80049600632b0ec251e003"},
    {file = "sensirion_i2c_scd-0.1.2-py2-none-any.whl", hash = "sha256:a3620217e04a89d8558696ad18b1f17d9c04d4e187d3796945a6d87c42c53ef6"},
    {file = "sensirion_i2c_scd-0.1.2-py3-none-any.whl", hash = "sha256:9ba860f393762fd58cbd867b75b6523ab612587e2ddc08e46df21c0e64b20dfe"},
]

[package.dependencies]
sensirion-i2c-driver = ">=1.0.0,<1.1.0"

[package.extras]
docs = ["sphinx (>=2.2.1,<2.3.0)", "sphinx-rtd-theme (>=0.4.3,<0.5.0)"]
test = ["flake8 (>=3.7.8,<3.8.0)", "pytest (>=3.5.0,<3.6.0)", "pytest-cov (>=2.5.1,<2.6.0)", "sensirion-shdlc-sensorbridge (>=0.1.1,<0.2.0)"]

[[package]]
name = "smbus"
version = "1.1.post2"
description = "Python bindings for Linux SMBus access through i2c-dev"
optional = false
python-versions = "*"
files = [
    {file = "smbus-1.1.post2-cp27-cp27mu-linux_armv7l.whl", hash = "sha256:529f9effc383b6381534d1d845eaf1078bdd2d4e625c945b23cf274d5cf1c306"},
    {file = "smbus-1.1.post2-cp34-cp34m-linux_armv7l.whl", hash = "sha256:39923448455a41c6bbe823de62b191103dd711917056362d9e4b1d2c6ec0f06d"},
    {file = "smbus-1.1.post2-cp35-cp35m-linux_armv7l.whl", hash = "sha256:b467235734ae5c147c4ec0eff1afb9dba189d9d3cc086ed7e0d3dbf0ae485230"},
    {file = "smbus-1.1.post2.tar.gz", hash = "sha256:f96d345e0aa10053a8a4917634f1dc37ba1f656fa5cace7629b71777e90855c6"},
]

[metadata]
lock-version = "2.0"
python-versions = "^3.12"
content-hash = "ab527f042d37f65aad85d66df25ca77d383eafcc8df88921527fef40c97d391e"
